
Microsoft Visual Studio Solution File, Format Version 12.00
# Visual Studio Version 17
VisualStudioVersion = 17.14.36109.1
MinimumVisualStudioVersion = 10.0.40219.1
Project("{FAE04EC0-301F-11D3-BF4B-00C04F79EFBC}") = "Demo02.1", "Demo02.1\Demo02.1.csproj", "{4069A922-4736-4301-9657-493ED34A3591}"
EndProject
Project("{FAE04EC0-301F-11D3-BF4B-00C04F79EFBC}") = "Demo02.2", "Demo02.2\Demo02.2.csproj", "{417C7E00-7E8D-4AA6-8A3B-D23A4A069A7C}"
EndProject
Global
	GlobalSection(SolutionConfigurationPlatforms) = preSolution
		Debug|Any CPU = Debug|Any CPU
		Release|Any CPU = Release|Any CPU
	EndGlobalSection
	GlobalSection(ProjectConfigurationPlatforms) = postSolution
		{4069A922-4736-4301-9657-493ED34A3591}.Debug|Any CPU.ActiveCfg = Debug|Any CPU
		{4069A922-4736-4301-9657-493ED34A3591}.Debug|Any CPU.Build.0 = Debug|Any CPU
		{4069A922-4736-4301-9657-493ED34A3591}.Release|Any CPU.ActiveCfg = Release|Any CPU
		{4069A922-4736-4301-9657-493ED34A3591}.Release|Any CPU.Build.0 = Release|Any CPU
		{417C7E00-7E8D-4AA6-8A3B-D23A4A069A7C}.Debug|Any CPU.ActiveCfg = Debug|Any CPU
		{417C7E00-7E8D-4AA6-8A3B-D23A4A069A7C}.Debug|Any CPU.Build.0 = Debug|Any CPU
		{417C7E00-7E8D-4AA6-8A3B-D23A4A069A7C}.Release|Any CPU.ActiveCfg = Release|Any CPU
		{417C7E00-7E8D-4AA6-8A3B-D23A4A069A7C}.Release|Any CPU.Build.0 = Release|Any CPU
	EndGlobalSection
	GlobalSection(SolutionProperties) = preSolution
		HideSolutionNode = FALSE
	EndGlobalSection
	GlobalSection(ExtensibilityGlobals) = postSolution
		SolutionGuid = {22ECB8F6-987E-4C8E-835D-FB9C9060309D}
	EndGlobalSection
EndGlobal
